// !$*UTF8*$!
{
	archiveVersion = 1;
	classes = {
	};
	objectVersion = 46;
	objects = {

/* Begin PBXBuildFile section */
		410D70771CB46622009A0439 /* AppDelegate.swift in Sources */ = {isa = PBXBuildFile; fileRef = 410D70761CB46622009A0439 /* AppDelegate.swift */; };
		410D70791CB46622009A0439 /* ViewController.swift in Sources */ = {isa = PBXBuildFile; fileRef = 410D70781CB46622009A0439 /* ViewController.swift */; };
		410D707C1CB46622009A0439 /* Main.storyboard in Resources */ = {isa = PBXBuildFile; fileRef = 410D707A1CB46622009A0439 /* Main.storyboard */; };
		410D707E1CB46622009A0439 /* Assets.xcassets in Resources */ = {isa = PBXBuildFile; fileRef = 410D707D1CB46622009A0439 /* Assets.xcassets */; };
		410D70811CB46622009A0439 /* LaunchScreen.storyboard in Resources */ = {isa = PBXBuildFile; fileRef = 410D707F1CB46622009A0439 /* LaunchScreen.storyboard */; };
		410D708C1CB46622009A0439 /* quickChatTests.swift in Sources */ = {isa = PBXBuildFile; fileRef = 410D708B1CB46622009A0439 /* quickChatTests.swift */; };
		410D70971CB46622009A0439 /* quickChatUITests.swift in Sources */ = {isa = PBXBuildFile; fileRef = 410D70961CB46622009A0439 /* quickChatUITests.swift */; };
/* End PBXBuildFile section */

/* Begin PBXContainerItemProxy section */
		410D70881CB46622009A0439 /* PBXContainerItemProxy */ = {
			isa = PBXContainerItemProxy;
			containerPortal = 410D706B1CB46622009A0439 /* Project object */;
			proxyType = 1;
			remoteGlobalIDString = 410D70721CB46622009A0439;
			remoteInfo = quickChat;
		};
		410D70931CB46622009A0439 /* PBXContainerItemProxy */ = {
			isa = PBXContainerItemProxy;
			containerPortal = 410D706B1CB46622009A0439 /* Project object */;
			proxyType = 1;
			remoteGlobalIDString = 410D70721CB46622009A0439;
			remoteInfo = quickChat;
		};
/* End PBXContainerItemProxy section */

/* Begin PBXFileReference section */
		410D70731CB46622009A0439 /* quickChat.app */ = {isa = PBXFileReference; explicitFileType = wrapper.application; includeInIndex = 0; path = quickChat.app; sourceTree = BUILT_PRODUCTS_DIR; };
		410D70761CB46622009A0439 /* AppDelegate.swift */ = {isa = PBXFileReference; lastKnownFileType = sourcecode.swift; path = AppDelegate.swift; sourceTree = "<group>"; };
		410D70781CB46622009A0439 /* ViewController.swift */ = {isa = PBXFileReference; lastKnownFileType = sourcecode.swift; path = ViewController.swift; sourceTree = "<group>"; };
		410D707B1CB46622009A0439 /* Base */ = {isa = PBXFileReference; lastKnownFileType = file.storyboard; name = Base; path = Base.lproj/Main.storyboard; sourceTree = "<group>"; };
		410D707D1CB46622009A0439 /* Assets.xcassets */ = {isa = PBXFileReference; lastKnownFileType = folder.assetcatalog; path = Assets.xcassets; sourceTree = "<group>"; };
		410D70801CB46622009A0439 /* Base */ = {isa = PBXFileReference; lastKnownFileType = file.storyboard; name = Base; path = Base.lproj/LaunchScreen.storyboard; sourceTree = "<group>"; };
		410D70821CB46622009A0439 /* Info.plist */ = {isa = PBXFileReference; lastKnownFileType = text.plist.xml; path = Info.plist; sourceTree = "<group>"; };
		410D70871CB46622009A0439 /* quickChatTests.xctest */ = {isa = PBXFileReference; explicitFileType = wrapper.cfbundle; includeInIndex = 0; path = quickChatTests.xctest; sourceTree = BUILT_PRODUCTS_DIR; };
		410D708B1CB46622009A0439 /* quickChatTests.swift */ = {isa = PBXFileReference; lastKnownFileType = sourcecode.swift; path = quickChatTests.swift; sourceTree = "<group>"; };
		410D708D1CB46622009A0439 /* Info.plist */ = {isa = PBXFileReference; lastKnownFileType = text.plist.xml; path = Info.plist; sourceTree = "<group>"; };
		410D70921CB46622009A0439 /* quickChatUITests.xctest */ = {isa = PBXFileReference; explicitFileType = wrapper.cfbundle; includeInIndex = 0; path = quickChatUITests.xctest; sourceTree = BUILT_PRODUCTS_DIR; };
		410D70961CB46622009A0439 /* quickChatUITests.swift */ = {isa = PBXFileReference; lastKnownFileType = sourcecode.swift; path = quickChatUITests.swift; sourceTree = "<group>"; };
		410D70981CB46622009A0439 /* Info.plist */ = {isa = PBXFileReference; lastKnownFileType = text.plist.xml; path = Info.plist; sourceTree = "<group>"; };
/* End PBXFileReference section */

/* Begin PBXFrameworksBuildPhase section */
		410D70701CB46622009A0439 /* Frameworks */ = {
			isa = PBXFrameworksBuildPhase;
			buildActionMask = 2147483647;
			files = (
			);
			runOnlyForDeploymentPostprocessing = 0;
		};
		410D70841CB46622009A0439 /* Frameworks */ = {
			isa = PBXFrameworksBuildPhase;
			buildActionMask = 2147483647;
			files = (
			);
			runOnlyForDeploymentPostprocessing = 0;
		};
		410D708F1CB46622009A0439 /* Frameworks */ = {
			isa = PBXFrameworksBuildPhase;
			buildActionMask = 2147483647;
			files = (
			);
			runOnlyForDeploymentPostprocessing = 0;
		};
/* End PBXFrameworksBuildPhase section */

/* Begin PBXGroup section */
		410D706A1CB46622009A0439 = {
			isa = PBXGroup;
			children = (
				410D70751CB46622009A0439 /* quickChat */,
				410D708A1CB46622009A0439 /* quickChatTests */,
				410D70951CB46622009A0439 /* quickChatUITests */,
				410D70741CB46622009A0439 /* Products */,
			);
			sourceTree = "<group>";
		};
		410D70741CB46622009A0439 /* Products */ = {
			isa = PBXGroup;
			children = (
				410D70731CB46622009A0439 /* quickChat.app */,
				410D70871CB46622009A0439 /* quickChatTests.xctest */,
				410D70921CB46622009A0439 /* quickChatUITests.xctest */,
			);
			name = Products;
			sourceTree = "<group>";
		};
		410D70751CB46622009A0439 /* quickChat */ = {
			isa = PBXGroup;
			children = (
				410D70761CB46622009A0439 /* AppDelegate.swift */,
				410D70781CB46622009A0439 /* ViewController.swift */,
				410D707A1CB46622009A0439 /* Main.storyboard */,
				410D707D1CB46622009A0439 /* Assets.xcassets */,
				410D707F1CB46622009A0439 /* LaunchScreen.storyboard */,
				410D70821CB46622009A0439 /* Info.plist */,
			);
			path = quickChat;
			sourceTree = "<group>";
		};
		410D708A1CB46622009A0439 /* quickChatTests */ = {
			isa = PBXGroup;
			children = (
				410D708B1CB46622009A0439 /* quickChatTests.swift */,
				410D708D1CB46622009A0439 /* Info.plist */,
			);
			path = quickChatTests;
			sourceTree = "<group>";
		};
		410D70951CB46622009A0439 /* quickChatUITests */ = {
			isa = PBXGroup;
			children = (
				410D70961CB46622009A0439 /* quickChatUITests.swift */,
				410D70981CB46622009A0439 /* Info.plist */,
			);
			path = quickChatUITests;
			sourceTree = "<group>";
		};
/* End PBXGroup section */

/* Begin PBXNativeTarget section */
		410D70721CB46622009A0439 /* quickChat */ = {
			isa = PBXNativeTarget;
			buildConfigurationList = 410D709B1CB46622009A0439 /* Build configuration list for PBXNativeTarget "quickChat" */;
			buildPhases = (
				410D706F1CB46622009A0439 /* Sources */,
				410D70701CB46622009A0439 /* Frameworks */,
				410D70711CB46622009A0439 /* Resources */,
			);
			buildRules = (
			);
			dependencies = (
			);
			name = quickChat;
			productName = quickChat;
			productReference = 410D70731CB46622009A0439 /* quickChat.app */;
			productType = "com.apple.product-type.application";
		};
		410D70861CB46622009A0439 /* quickChatTests */ = {
			isa = PBXNativeTarget;
			buildConfigurationList = 410D709E1CB46622009A0439 /* Build configuration list for PBXNativeTarget "quickChatTests" */;
			buildPhases = (
				410D70831CB46622009A0439 /* Sources */,
				410D70841CB46622009A0439 /* Frameworks */,
				410D70851CB46622009A0439 /* Resources */,
			);
			buildRules = (
			);
			dependencies = (
				410D70891CB46622009A0439 /* PBXTargetDependency */,
			);
			name = quickChatTests;
			productName = quickChatTests;
			productReference = 410D70871CB46622009A0439 /* quickChatTests.xctest */;
			productType = "com.apple.product-type.bundle.unit-test";
		};
		410D70911CB46622009A0439 /* quickChatUITests */ = {
			isa = PBXNativeTarget;
			buildConfigurationList = 410D70A11CB46622009A0439 /* Build configuration list for PBXNativeTarget "quickChatUITests" */;
			buildPhases = (
				410D708E1CB46622009A0439 /* Sources */,
				410D708F1CB46622009A0439 /* Frameworks */,
				410D70901CB46622009A0439 /* Resources */,
			);
			buildRules = (
			);
			dependencies = (
				410D70941CB46622009A0439 /* PBXTargetDependency */,
			);
			name = quickChatUITests;
			productName = quickChatUITests;
			productReference = 410D70921CB46622009A0439 /* quickChatUITests.xctest */;
			productType = "com.apple.product-type.bundle.ui-testing";
		};
/* End PBXNativeTarget section */

/* Begin PBXProject section */
		410D706B1CB46622009A0439 /* Project object */ = {
			isa = PBXProject;
			attributes = {
				LastSwiftUpdateCheck = 0730;
				LastUpgradeCheck = 0730;
				ORGANIZATIONNAME = "Shan-e-Ali Shah";
				TargetAttributes = {
					410D70721CB46622009A0439 = {
						CreatedOnToolsVersion = 7.3;
					};
					410D70861CB46622009A0439 = {
						CreatedOnToolsVersion = 7.3;
						TestTargetID = 410D70721CB46622009A0439;
					};
					410D70911CB46622009A0439 = {
						CreatedOnToolsVersion = 7.3;
						TestTargetID = 410D70721CB46622009A0439;
					};
				};
			};
			buildConfigurationList = 410D706E1CB46622009A0439 /* Build configuration list for PBXProject "quickChat" */;
			compatibilityVersion = "Xcode 3.2";
			developmentRegion = English;
			hasScannedForEncodings = 0;
			knownRegions = (
				en,
				Base,
			);
			mainGroup = 410D706A1CB46622009A0439;
			productRefGroup = 410D70741CB46622009A0439 /* Products */;
			projectDirPath = "";
			projectRoot = "";
			targets = (
				410D70721CB46622009A0439 /* quickChat */,
				410D70861CB46622009A0439 /* quickChatTests */,
				410D70911CB46622009A0439 /* quickChatUITests */,
			);
		};
/* End PBXProject section */

/* Begin PBXResourcesBuildPhase section */
		410D70711CB46622009A0439 /* Resources */ = {
			isa = PBXResourcesBuildPhase;
			buildActionMask = 2147483647;
			files = (
				410D70811CB46622009A0439 /* LaunchScreen.storyboard in Resources */,
				410D707E1CB46622009A0439 /* Assets.xcassets in Resources */,
				410D707C1CB46622009A0439 /* Main.storyboard in Resources */,
			);
			runOnlyForDeploymentPostprocessing = 0;
		};
		410D70851CB46622009A0439 /* Resources */ = {
			isa = PBXResourcesBuildPhase;
			buildActionMask = 2147483647;
			files = (
			);
			runOnlyForDeploymentPostprocessing = 0;
		};
		410D70901CB46622009A0439 /* Resources */ = {
			isa = PBXResourcesBuildPhase;
			buildActionMask = 2147483647;
			files = (
			);
			runOnlyForDeploymentPostprocessing = 0;
		};
/* End PBXResourcesBuildPhase section */

/* Begin PBXSourcesBuildPhase section */
		410D706F1CB46622009A0439 /* Sources */ = {
			isa = PBXSourcesBuildPhase;
			buildActionMask = 2147483647;
			files = (
				410D70791CB46622009A0439 /* ViewController.swift in Sources */,
				410D70771CB46622009A0439 /* AppDelegate.swift in Sources */,
			);
			runOnlyForDeploymentPostprocessing = 0;
		};
		410D70831CB46622009A0439 /* Sources */ = {
			isa = PBXSourcesBuildPhase;
			buildActionMask = 2147483647;
			files = (
				410D708C1CB46622009A0439 /* quickChatTests.swift in Sources */,
			);
			runOnlyForDeploymentPostprocessing = 0;
		};
		410D708E1CB46622009A0439 /* Sources */ = {
			isa = PBXSourcesBuildPhase;
			buildActionMask = 2147483647;
			files = (
				410D70971CB46622009A0439 /* quickChatUITests.swift in Sources */,
			);
			runOnlyForDeploymentPostprocessing = 0;
		};
/* End PBXSourcesBuildPhase section */

/* Begin PBXTargetDependency section */
		410D70891CB46622009A0439 /* PBXTargetDependency */ = {
			isa = PBXTargetDependency;
			target = 410D70721CB46622009A0439 /* quickChat */;
			targetProxy = 410D70881CB46622009A0439 /* PBXContainerItemProxy */;
		};
		410D70941CB46622009A0439 /* PBXTargetDependency */ = {
			isa = PBXTargetDependency;
			target = 410D70721CB46622009A0439 /* quickChat */;
			targetProxy = 410D70931CB46622009A0439 /* PBXContainerItemProxy */;
		};
/* End PBXTargetDependency section */

/* Begin PBXVariantGroup section */
		410D707A1CB46622009A0439 /* Main.storyboard */ = {
			isa = PBXVariantGroup;
			children = (
				410D707B1CB46622009A0439 /* Base */,
			);
			name = Main.storyboard;
			sourceTree = "<group>";
		};
		410D707F1CB46622009A0439 /* LaunchScreen.storyboard */ = {
			isa = PBXVariantGroup;
			children = (
				410D70801CB46622009A0439 /* Base */,
			);
			name = LaunchScreen.storyboard;
			sourceTree = "<group>";
		};
/* End PBXVariantGroup section */

/* Begin XCBuildConfiguration section */
		410D70991CB46622009A0439 /* Debug */ = {
			isa = XCBuildConfiguration;
			buildSettings = {
				ALWAYS_SEARCH_USER_PATHS = NO;
				CLANG_ANALYZER_NONNULL = YES;
				CLANG_CXX_LANGUAGE_STANDARD = "gnu++0x";
				CLANG_CXX_LIBRARY = "libc++";
				CLANG_ENABLE_MODULES = YES;
				CLANG_ENABLE_OBJC_ARC = YES;
				CLANG_WARN_BOOL_CONVERSION = YES;
				CLANG_WARN_CONSTANT_CONVERSION = YES;
				CLANG_WARN_DIRECT_OBJC_ISA_USAGE = YES_ERROR;
				CLANG_WARN_EMPTY_BODY = YES;
				CLANG_WARN_ENUM_CONVERSION = YES;
				CLANG_WARN_INT_CONVERSION = YES;
				CLANG_WARN_OBJC_ROOT_CLASS = YES_ERROR;
				CLANG_WARN_UNREACHABLE_CODE = YES;
				CLANG_WARN__DUPLICATE_METHOD_MATCH = YES;
				"CODE_SIGN_IDENTITY[sdk=iphoneos*]" = "iPhone Developer";
				COPY_PHASE_STRIP = NO;
				DEBUG_INFORMATION_FORMAT = dwarf;
				ENABLE_STRICT_OBJC_MSGSEND = YES;
				ENABLE_TESTABILITY = YES;
				GCC_C_LANGUAGE_STANDARD = gnu99;
				GCC_DYNAMIC_NO_PIC = NO;
				GCC_NO_COMMON_BLOCKS = YES;
				GCC_OPTIMIZATION_LEVEL = 0;
				GCC_PREPROCESSOR_DEFINITIONS = (
					"DEBUG=1",
					"$(inherited)",
				);
				GCC_WARN_64_TO_32_BIT_CONVERSION = YES;
				GCC_WARN_ABOUT_RETURN_TYPE = YES_ERROR;
				GCC_WARN_UNDECLARED_SELECTOR = YES;
				GCC_WARN_UNINITIALIZED_AUTOS = YES_AGGRESSIVE;
				GCC_WARN_UNUSED_FUNCTION = YES;
				GCC_WARN_UNUSED_VARIABLE = YES;
				IPHONEOS_DEPLOYMENT_TARGET = 9.3;
				MTL_ENABLE_DEBUG_INFO = YES;
				ONLY_ACTIVE_ARCH = YES;
				SDKROOT = iphoneos;
				SWIFT_OPTIMIZATION_LEVEL = "-Onone";
				TARGETED_DEVICE_FAMILY = "1,2";
			};
			name = Debug;
		};
		410D709A1CB46622009A0439 /* Release */ = {
			isa = XCBuildConfiguration;
			buildSettings = {
				ALWAYS_SEARCH_USER_PATHS = NO;
				CLANG_ANALYZER_NONNULL = YES;
				CLANG_CXX_LANGUAGE_STANDARD = "gnu++0x";
				CLANG_CXX_LIBRARY = "libc++";
				CLANG_ENABLE_MODULES = YES;
				CLANG_ENABLE_OBJC_ARC = YES;
				CLANG_WARN_BOOL_CONVERSION = YES;
				CLANG_WARN_CONSTANT_CONVERSION = YES;
				CLANG_WARN_DIRECT_OBJC_ISA_USAGE = YES_ERROR;
				CLANG_WARN_EMPTY_BODY = YES;
				CLANG_WARN_ENUM_CONVERSION = YES;
				CLANG_WARN_INT_CONVERSION = YES;
				CLANG_WARN_OBJC_ROOT_CLASS = YES_ERROR;
				CLANG_WARN_UNREACHABLE_CODE = YES;
				CLANG_WARN__DUPLICATE_METHOD_MATCH = YES;
				"CODE_SIGN_IDENTITY[sdk=iphoneos*]" = "iPhone Developer";
				COPY_PHASE_STRIP = NO;
				DEBUG_INFORMATION_FORMAT = "dwarf-with-dsym";
				ENABLE_NS_ASSERTIONS = NO;
				ENABLE_STRICT_OBJC_MSGSEND = YES;
				GCC_C_LANGUAGE_STANDARD = gnu99;
				GCC_NO_COMMON_BLOCKS = YES;
				GCC_WARN_64_TO_32_BIT_CONVERSION = YES;
				GCC_WARN_ABOUT_RETURN_TYPE = YES_ERROR;
				GCC_WARN_UNDECLARED_SELECTOR = YES;
				GCC_WARN_UNINITIALIZED_AUTOS = YES_AGGRESSIVE;
				GCC_WARN_UNUSED_FUNCTION = YES;
				GCC_WARN_UNUSED_VARIABLE = YES;
				IPHONEOS_DEPLOYMENT_TARGET = 9.3;
				MTL_ENABLE_DEBUG_INFO = NO;
				SDKROOT = iphoneos;
				TARGETED_DEVICE_FAMILY = "1,2";
				VALIDATE_PRODUCT = YES;
			};
			name = Release;
		};
		410D709C1CB46622009A0439 /* Debug */ = {
			isa = XCBuildConfiguration;
			buildSettings = {
				ASSETCATALOG_COMPILER_APPICON_NAME = AppIcon;
				INFOPLIST_FILE = quickChat/Info.plist;
				LD_RUNPATH_SEARCH_PATHS = "$(inherited) @executable_path/Frameworks";
				PRODUCT_BUNDLE_IDENTIFIER = testing.quickChat;
				PRODUCT_NAME = "$(TARGET_NAME)";
			};
			name = Debug;
		};
		410D709D1CB46622009A0439 /* Release */ = {
			isa = XCBuildConfiguration;
			buildSettings = {
				ASSETCATALOG_COMPILER_APPICON_NAME = AppIcon;
				INFOPLIST_FILE = quickChat/Info.plist;
				LD_RUNPATH_SEARCH_PATHS = "$(inherited) @executable_path/Frameworks";
				PRODUCT_BUNDLE_IDENTIFIER = testing.quickChat;
				PRODUCT_NAME = "$(TARGET_NAME)";
			};
			name = Release;
		};
		410D709F1CB46622009A0439 /* Debug */ = {
			isa = XCBuildConfiguration;
			buildSettings = {
				BUNDLE_LOADER = "$(TEST_HOST)";
				INFOPLIST_FILE = quickChatTests/Info.plist;
				LD_RUNPATH_SEARCH_PATHS = "$(inherited) @executable_path/Frameworks @loader_path/Frameworks";
				PRODUCT_BUNDLE_IDENTIFIER = testing.quickChatTests;
				PRODUCT_NAME = "$(TARGET_NAME)";
				TEST_HOST = "$(BUILT_PRODUCTS_DIR)/quickChat.app/quickChat";
			};
			name = Debug;
		};
		410D70A01CB46622009A0439 /* Release */ = {
			isa = XCBuildConfiguration;
			buildSettings = {
				BUNDLE_LOADER = "$(TEST_HOST)";
				INFOPLIST_FILE = quickChatTests/Info.plist;
				LD_RUNPATH_SEARCH_PATHS = "$(inherited) @executable_path/Frameworks @loader_path/Frameworks";
				PRODUCT_BUNDLE_IDENTIFIER = testing.quickChatTests;
				PRODUCT_NAME = "$(TARGET_NAME)";
				TEST_HOST = "$(BUILT_PRODUCTS_DIR)/quickChat.app/quickChat";
			};
			name = Release;
		};
		410D70A21CB46622009A0439 /* Debug */ = {
			isa = XCBuildConfiguration;
			buildSettings = {
				INFOPLIST_FILE = quickChatUITests/Info.plist;
				LD_RUNPATH_SEARCH_PATHS = "$(inherited) @executable_path/Frameworks @loader_path/Frameworks";
				PRODUCT_BUNDLE_IDENTIFIER = testing.quickChatUITests;
				PRODUCT_NAME = "$(TARGET_NAME)";
				TEST_TARGET_NAME = quickChat;
			};
			name = Debug;
		};
		410D70A31CB46622009A0439 /* Release */ = {
			isa = XCBuildConfiguration;
			buildSettings = {
				INFOPLIST_FILE = quickChatUITests/Info.plist;
				LD_RUNPATH_SEARCH_PATHS = "$(inherited) @executable_path/Frameworks @loader_path/Frameworks";
				PRODUCT_BUNDLE_IDENTIFIER = testing.quickChatUITests;
				PRODUCT_NAME = "$(TARGET_NAME)";
				TEST_TARGET_NAME = quickChat;
			};
			name = Release;
		};
/* End XCBuildConfiguration section */

/* Begin XCConfigurationList section */
		410D706E1CB46622009A0439 /* Build configuration list for PBXProject "quickChat" */ = {
			isa = XCConfigurationList;
			buildConfigurations = (
				410D70991CB46622009A0439 /* Debug */,
				410D709A1CB46622009A0439 /* Release */,
			);
			defaultConfigurationIsVisible = 0;
			defaultConfigurationName = Release;
		};
		410D709B1CB46622009A0439 /* Build configuration list for PBXNativeTarget "quickChat" */ = {
			isa = XCConfigurationList;
			buildConfigurations = (
				410D709C1CB46622009A0439 /* Debug */,
				410D709D1CB46622009A0439 /* Release */,
			);
			defaultConfigurationIsVisible = 0;
		};
		410D709E1CB46622009A0439 /* Build configuration list for PBXNativeTarget "quickChatTests" */ = {
			isa = XCConfigurationList;
			buildConfigurations = (
				410D709F1CB46622009A0439 /* Debug */,
				410D70A01CB46622009A0439 /* Release */,
			);
			defaultConfigurationIsVisible = 0;
		};
		410D70A11CB46622009A0439 /* Build configuration list for PBXNativeTarget "quickChatUITests" */ = {
			isa = XCConfigurationList;
			buildConfigurations = (
				410D70A21CB46622009A0439 /* Debug */,
				410D70A31CB46622009A0439 /* Release */,
			);
			defaultConfigurationIsVisible = 0;
		};
/* End XCConfigurationList section */
	};
	rootObject = 410D706B1CB46622009A0439 /* Project object */;
}
